
Microsoft Visual Studio Solution File, Format Version 12.00
# Visual Studio Version 16
VisualStudioVersion = 16.0.33801.447
MinimumVisualStudioVersion = 10.0.40219.1
Project("{FAE04EC0-301F-11D3-BF4B-00C04F79EFBC}") = "Main", "Main\Main.csproj", "{A5314C40-4A0F-4453-81EB-9568613BE5EA}"
EndProject
Global
	GlobalSection(SolutionConfigurationPlatforms) = preSolution
		Debug|Any CPU = Debug|Any CPU
		Release|Any CPU = Release|Any CPU
	EndGlobalSection
	GlobalSection(ProjectConfigurationPlatforms) = postSolution
		{A5314C40-4A0F-4453-81EB-9568613BE5EA}.Debug|Any CPU.ActiveCfg = Debug|Any CPU
		{A5314C40-4A0F-4453-81EB-9568613BE5EA}.Debug|Any CPU.Build.0 = Debug|Any CPU
		{A5314C40-4A0F-4453-81EB-9568613BE5EA}.Release|Any CPU.ActiveCfg = Release|Any CPU
		{A5314C40-4A0F-4453-81EB-9568613BE5EA}.Release|Any CPU.Build.0 = Release|Any CPU
	EndGlobalSection
	GlobalSection(SolutionProperties) = preSolution
		HideSolutionNode = FALSE
	EndGlobalSection
	GlobalSection(ExtensibilityGlobals) = postSolution
		SolutionGuid = {44D08279-A0D4-4782-86B1-3AEA5CA58CF0}
	EndGlobalSection
EndGlobal
