
Microsoft Visual Studio Solution File, Format Version 12.00
# Visual Studio Version 16
VisualStudioVersion = 16.0.33801.447
MinimumVisualStudioVersion = 10.0.40219.1
Project("{FAE04EC0-301F-11D3-BF4B-00C04F79EFBC}") = "Exceptions", "Exceptions\Exceptions.csproj", "{55CD8B3D-09E0-42B7-A8F1-3D5916D10B82}"
EndProject
Global
	GlobalSection(SolutionConfigurationPlatforms) = preSolution
		Debug|Any CPU = Debug|Any CPU
		Release|Any CPU = Release|Any CPU
	EndGlobalSection
	GlobalSection(ProjectConfigurationPlatforms) = postSolution
		{55CD8B3D-09E0-42B7-A8F1-3D5916D10B82}.Debug|Any CPU.ActiveCfg = Debug|Any CPU
		{55CD8B3D-09E0-42B7-A8F1-3D5916D10B82}.Debug|Any CPU.Build.0 = Debug|Any CPU
		{55CD8B3D-09E0-42B7-A8F1-3D5916D10B82}.Release|Any CPU.ActiveCfg = Release|Any CPU
		{55CD8B3D-09E0-42B7-A8F1-3D5916D10B82}.Release|Any CPU.Build.0 = Release|Any CPU
	EndGlobalSection
	GlobalSection(SolutionProperties) = preSolution
		HideSolutionNode = FALSE
	EndGlobalSection
	GlobalSection(ExtensibilityGlobals) = postSolution
		SolutionGuid = {D0B9B110-1FC5-458F-9B55-DB6770CB3F70}
	EndGlobalSection
EndGlobal
