
Microsoft Visual Studio Solution File, Format Version 12.00
# Visual Studio Version 16
VisualStudioVersion = 16.0.33801.447
MinimumVisualStudioVersion = 10.0.40219.1
Project("{FAE04EC0-301F-11D3-BF4B-00C04F79EFBC}") = "VoidMethod", "VoidMethod\VoidMethod.csproj", "{16EC1257-239F-46C7-9B4F-DBB9BD8AF861}"
EndProject
Global
	GlobalSection(SolutionConfigurationPlatforms) = preSolution
		Debug|Any CPU = Debug|Any CPU
		Release|Any CPU = Release|Any CPU
	EndGlobalSection
	GlobalSection(ProjectConfigurationPlatforms) = postSolution
		{16EC1257-239F-46C7-9B4F-DBB9BD8AF861}.Debug|Any CPU.ActiveCfg = Debug|Any CPU
		{16EC1257-239F-46C7-9B4F-DBB9BD8AF861}.Debug|Any CPU.Build.0 = Debug|Any CPU
		{16EC1257-239F-46C7-9B4F-DBB9BD8AF861}.Release|Any CPU.ActiveCfg = Release|Any CPU
		{16EC1257-239F-46C7-9B4F-DBB9BD8AF861}.Release|Any CPU.Build.0 = Release|Any CPU
	EndGlobalSection
	GlobalSection(SolutionProperties) = preSolution
		HideSolutionNode = FALSE
	EndGlobalSection
	GlobalSection(ExtensibilityGlobals) = postSolution
		SolutionGuid = {52B39E6D-9FB9-4059-954D-885B04642AAC}
	EndGlobalSection
EndGlobal
