
Microsoft Visual Studio Solution File, Format Version 12.00
# Visual Studio Version 16
VisualStudioVersion = 16.0.33801.447
MinimumVisualStudioVersion = 10.0.40219.1
Project("{FAE04EC0-301F-11D3-BF4B-00C04F79EFBC}") = "21CardGame", "21CardGame\21CardGame.csproj", "{483363C7-3FDC-4EFA-8EE6-FD7482EB8DAF}"
EndProject
Global
	GlobalSection(SolutionConfigurationPlatforms) = preSolution
		Debug|Any CPU = Debug|Any CPU
		Release|Any CPU = Release|Any CPU
	EndGlobalSection
	GlobalSection(ProjectConfigurationPlatforms) = postSolution
		{483363C7-3FDC-4EFA-8EE6-FD7482EB8DAF}.Debug|Any CPU.ActiveCfg = Debug|Any CPU
		{483363C7-3FDC-4EFA-8EE6-FD7482EB8DAF}.Debug|Any CPU.Build.0 = Debug|Any CPU
		{483363C7-3FDC-4EFA-8EE6-FD7482EB8DAF}.Release|Any CPU.ActiveCfg = Release|Any CPU
		{483363C7-3FDC-4EFA-8EE6-FD7482EB8DAF}.Release|Any CPU.Build.0 = Release|Any CPU
	EndGlobalSection
	GlobalSection(SolutionProperties) = preSolution
		HideSolutionNode = FALSE
	EndGlobalSection
	GlobalSection(ExtensibilityGlobals) = postSolution
		SolutionGuid = {6D944D7D-2246-4696-AEB8-23179AE9BE06}
	EndGlobalSection
EndGlobal
