
Microsoft Visual Studio Solution File, Format Version 12.00
# Visual Studio Version 16
VisualStudioVersion = 16.0.33801.447
MinimumVisualStudioVersion = 10.0.40219.1
Project("{FAE04EC0-301F-11D3-BF4B-00C04F79EFBC}") = "Lambda", "Lambda\Lambda.csproj", "{DAA43363-6738-49C8-8188-14C30C60CBF9}"
EndProject
Global
	GlobalSection(SolutionConfigurationPlatforms) = preSolution
		Debug|Any CPU = Debug|Any CPU
		Release|Any CPU = Release|Any CPU
	EndGlobalSection
	GlobalSection(ProjectConfigurationPlatforms) = postSolution
		{DAA43363-6738-49C8-8188-14C30C60CBF9}.Debug|Any CPU.ActiveCfg = Debug|Any CPU
		{DAA43363-6738-49C8-8188-14C30C60CBF9}.Debug|Any CPU.Build.0 = Debug|Any CPU
		{DAA43363-6738-49C8-8188-14C30C60CBF9}.Release|Any CPU.ActiveCfg = Release|Any CPU
		{DAA43363-6738-49C8-8188-14C30C60CBF9}.Release|Any CPU.Build.0 = Release|Any CPU
	EndGlobalSection
	GlobalSection(SolutionProperties) = preSolution
		HideSolutionNode = FALSE
	EndGlobalSection
	GlobalSection(ExtensibilityGlobals) = postSolution
		SolutionGuid = {791938B6-476B-452F-912C-DDAE851A9955}
	EndGlobalSection
EndGlobal
